{
    "_meta": {
        "hash": {
            "sha256": "a2c156c87078ce734dfd041deff1bee5619cc76e3a61cb0cbb6f452182d272de"
        },
        "pipfile-spec": 6,
        "requires": {
            "python_version": "3.10"
        },
        "sources": [
            {
                "name": "pypi",
                "url": "https://pypi.org/simple",
                "verify_ssl": true
            }
        ]
    },
    "default": {
        "bitarray": {
            "hashes": [
                "sha256:0052e0cfa15810b0dbb1e347b2e4676caa1a7a65c6f6838f50aca6518e8bc153",
                "sha256:0400c5a6d68dcf4546e763b10239f916fc7145d909b7e72f0fcb372bf1d44b81",
                "sha256:0655cb36ac48c7253af3de83e7c1132d04cf999c065a3afdf970d8f0fa0ed180",
                "sha256:07a604d41e2a9ee88fb6f8dd6744b4c1845a537970321588485e4a55bd09e403",
                "sha256:0d60f26cbfbea04d3960e442ff1d2e439dc0accc10412e0551ec743b399c1595",
                "sha256:0d78d26ab9ab3b0bf684fcb4b947af71e164d2c6def892914d10d6b512383d52",
                "sha256:11367e4e29d79295b83a3bbfaa9a928531b958e9db37f80497b7c6100950d049",
                "sha256:128f398b119751c39abba1395764ff43995d5756844005c9d4db0e97867e6474",
                "sha256:14dc0e1938955b340dc364591422a28e7c5d9c4cbb42ba215b6855b7edd5b9dc",
                "sha256:15046a69aac33940fe14bdfc049a9ade5e8bd680eb662704e2581d2860be5ff7",
                "sha256:158d099722ebf7294385f2071734b90e5665bba3ad56418c81b3fe3f9d39f720",
                "sha256:1617c6fbe36f91e4aaa1552da57270e102a8733008d53239eac1d9f2cf15b265",
                "sha256:1d8d5df5d0872edb1e1c50cd0d7fc04b0f373ad7b678ff1b1b48228d28c91f25",
                "sha256:22a48b5682a6eb235d1a2ac82147e17bb4bb045afcb5869f53f42d1ba34e2bab",
                "sha256:252bd62619339818a520d6ef0763086986611a2d27d2f3c0681d3d6ff7d78213",
                "sha256:25321952806d070bd12fc652416047438a2f1984011f1e23e4f2391f7e3ab3d2",
                "sha256:263e6239203e453a1e33b2232978012966a4e1fec47a1a519f715936e605b4e6",
                "sha256:26cd0ec1a556fb5062d0bda13d8664f3bf5b0f9023a0254fbd76db366cd12673",
                "sha256:2c5ed8ef5366a33a92bccb423529a8215b6dcc1a1ad095fab360eac9be94bcae",
                "sha256:2e9e69d24b557fc614360e61d373b8e3114204c590c84b26ff31ac212a398052",
                "sha256:37fb5777f155e5f2abc98e6db00c8bf7def8bcf2e36d736db025fa3cd7ad044e",
                "sha256:38bda909b392f80b1fc04d2f86511cdec05e4a6151d0a660a50589ee0da394ae",
                "sha256:3f4f8fd69642313e1ec288a22eb2ef49b8b0e6a6fb98afab0fb227a35a06543c",
                "sha256:4024882e77dcb19c6e874faca47f637b97e02a9fcddc20289eabd427c641e902",
                "sha256:41ef308abe02aed03058451ed17dad1365d4b4d32a7e63efa81a0becbc36b5ff",
                "sha256:42b740e565858b51e8e64160ed204a8dd874293d9c78d513548da8b640b2d3c9",
                "sha256:4819ad0640348da61d88e4820f2fbc66927cf6378c4fd609259a000c170660b7",
                "sha256:4b729d2ee6a8b9ed9573ffd7fb3f66c5b340658013a73e334c8f7dc09d8e2bba",
                "sha256:4bf7b7da77a275e937c2a42fcb846af581fc3f698683b9629827acda40bf96d1",
                "sha256:4cfd9590a81606fb08adb7e08aefe1eae0b38ef65c82263b08cdb8daca1f6763",
                "sha256:4d3503017ba68689b118f921b008750c955b8dd12ede9148cf99b97125670067",
                "sha256:4d801f31a88f544b46c707dbfc095d427f81d02bffcfc1732a3359702550b87b",
                "sha256:52baaf7c23f4416fc6ab4654cc7290ed0048950775125bed40b89bc331ede0d8",
                "sha256:555f7fd1ec7b2d1b911929615df272bc831ff7b57e0d56bd6aefba427ed79c58",
                "sha256:5677ca0196bf340c41c72038141e4da9ed0ac8159b7644ed4ae507d016f12787",
                "sha256:576f1fd95043959cb2c04aa6835cafaa25c7f8c1b191ce99dbdd41137c6356eb",
                "sha256:59b02a18100a0c94dd79d62903d29f830517291dc32fa5e36d08aea37277ae1a",
                "sha256:5a862f19c387b9c53423bc5bed097c0394cead5b85dd1b55941d029889c681c3",
                "sha256:5b7cdb62535b2c0851011856bb4eed233dfd183b06a254c7826a7b4b7cfaa714",
                "sha256:5dabc0c23af19e48470740d4ab22cb04871f636ef297d7ae4e6a0b7f746e5500",
                "sha256:67a740475995a6a53f58a922210c3d267d14780dae3cbd997a0ffc0640416fe6",
                "sha256:6fd7b5c762a922df8b75080e6f976f4ce62d2b7e7648bb277b44ed482e19cf31",
                "sha256:7606369109a1451623837a272c04020d47c92ea9af1bc6d074cbcceb9f9481f2",
                "sha256:761bfac893c18d90b82bbdcc243e887ff315059c63f13459397e3d955834e4e9",
                "sha256:761cc24012b0be2acebc2929eeaee3d9036655478974c847a0b5d5ac24d54d70",
                "sha256:78b88c247ef366ad07b6877fd13fc96e363d791b200bed10706c4b5522853371",
                "sha256:7e25891c8b3c29d785c18716202eacc237a9b65361e17d22d433639a3b1c0126",
                "sha256:7e8ab9fa522c878afe2a049087ea723d932bbb15b0a08239d572945158731636",
                "sha256:801639ec1663cde71eec343c81936aa6e2480d1ce1345560df7f63c9d49a6a4f",
                "sha256:81f7c02f4a8ac119751d6350da0dba64dd4a5b4f1dd61da882b4adce0c1e3e4d",
                "sha256:83ec9ea40f74bdbd4018a6d05f2ab68b20935e9c32fc1bdd3164db0a7214764a",
                "sha256:8536467187b027bf40cdb1b20c0d2f0087893e427218f0db3cde0a9bd93548c6",
                "sha256:85a3c39d55945f86541bc74fcecf107b0a8098b3b7f14f5126b515c9ec61857e",
                "sha256:878f2c840ed693351d3531a127424af5e38e2c059727b8d47c0b8a56dc6800f2",
                "sha256:8a0f3f1bb9c485f5120f49f37e18ca000beaad4c5bcb709be9a2f0061dcbdee4",
                "sha256:8cf406ac78997bad3fc1b1eb99799934b309014177f0ebe46fc52d5e11e381a3",
                "sha256:8de204abcb13bcfbea964e50e08dc1ee8d493b6a2da424fac1a866c24aab8557",
                "sha256:9061e217e3b6041cd8eeff029681026e4c8f8c96821803e9358dc3cd2f21ce97",
                "sha256:91b9de7c52fba6627c38aefda3acafc049a62aae398d0a7af6303b15dd1ad7bc",
                "sha256:9225c310b34ba37627b917d49bb9ab9fb3192afdc15c4a2e466fdc3a1f3f7656",
                "sha256:94871d66db2370409830b0f3a147e0bc83ebcdc7a233dfe856b989687ea29ab5",
                "sha256:994de983cd6153931b98b28a3a37b14e3297d367975031f3a1610e716026bb98",
                "sha256:9b66bc21240b150d14310464fe70d8b64350d3d7d1ba377251e75873d9980f2b",
                "sha256:a40f3014e579372713a2f589a22dc2a95c46d04cb5c96111cc1e02b5fec398e8",
                "sha256:a53f104555788164c3cc44c6e23ff2700b2aee53165d129577db0d21a697cb0d",
                "sha256:a670877159565154d68c261e4a0eed151cae1ca05459d4967bfa7ed8f97785e7",
                "sha256:a7fed384fc49b280533ba685aec6e3a2e0f72cd70819688991b01a23d6632f89",
                "sha256:a81f6815ea3612aa490dccfb9a22274349fe4c7e83c97c6c97a6a57fb1e779b5",
                "sha256:b1bdcb3c0e58087b2f38d27e91faa871a872fc8d5e7ceab4e89dd5029943030f",
                "sha256:b363105ae888f305addf543471fa6bfe272a7db34c56f3e777f86c32f66c9f88",
                "sha256:b43ea42693715a6a7ca11d8eb8b13c8148306559ce277a29c85afa48e9739b54",
                "sha256:b44ad887182dd1b6236bc49b4f422e3360edadc0c31511764c82d5da272498b5",
                "sha256:b4bc74c81184a2571b6b35bff9b0d749e8e3934ea682e5ea64b53f2b759fe111",
                "sha256:b82dbc0a0b6ed67b4c9fa411c945ba642ff40a91799c0d6ce68ef623d951e468",
                "sha256:b9b56d36e57ddf1b17d91597a4666adb947c38b76cba59e315ef58fa7a4d5ca9",
                "sha256:bb26c370a4001cfe65115ffb564fc09401a8cf51a2cdc20def7526d253656146",
                "sha256:bc3a297b9cef1210b43435d74ad8c5aea07c947676fe32306573ec42d94ff426",
                "sha256:bc5a6a68fbb716a07a8cce47a9bae6db360cceb0fb60e304a51715f324f73bc8",
                "sha256:becfb1f803fe380d5bcdf985e439cd4ae0ed06e19e52d5130bef2186908e350d",
                "sha256:c528f2ee881e135b95306612b023c46556a811afa2ec509eab7b8d0559395bcb",
                "sha256:c8bfcc26140486e52bbfb70e95fba8d4bd18f72b2aeb9659ecd2ee44f2514af0",
                "sha256:ca9133085bec365957040aa88778dce400cbb9620e31a133233769d9c57567b4",
                "sha256:d16fe3da83a6d7afc21313ebb17d63d820e34f736a0cf8c2da689c4c46cbc76e",
                "sha256:d335e0cf7fd81ff687cfffe35ea862be582b1164fee6276ff3dec86de7dc7dfe",
                "sha256:d356b956ee20a74ebe625be1cbf6536302bc09cc8ee39e29faf1ae671dee4263",
                "sha256:d36b6b14ef5fa5108290c16f9af4e486e95b362468154c0ba654523674c3b877",
                "sha256:d420b298a76acf7400df1d4296ab37d19157aa3397ececf3b5c288d6a76a2f8c",
                "sha256:d5a76f9c263b0ed622d2ca99ad07b65dd0ebbd6d4ef4937cdd2a060ada5c6df4",
                "sha256:d9e1ea490cb2760b1369b5033445b7389364c6b457d0d90524eced6c262f6bfc",
                "sha256:e01bf467c3291e56ddaefb18599434c925479465d8658e5771bada6261926db9",
                "sha256:e4bb54dcf8880722678e4f9fa32e7b7bfe4bd5281fd43441426767fe0afd8244",
                "sha256:e73109715d748b6890c807b8a70d68939fedfda665a15ebe72009e1538f3d6fc",
                "sha256:e86d7ffff696b11867c3624615461f7e91aa415ab53e3b0a08a595da78c653dc",
                "sha256:e92212abfba29b903138b3be5c59d082e9dfe1e7054ed287a15f119d569046a3",
                "sha256:ea1ec56b9e90ad186af7396cab8c44db720e77d34e9664c3e448c3d8b9234ea4",
                "sha256:ede561bd1b20e7a647ecd00a84c15db4ba31d43bf36738337ec36f5c0ac01d31",
                "sha256:f05e813ff8a06e1ef6feb23176e3d11ca4348ccd0e6715ed0e0888cb38886815",
                "sha256:f66366166632e36a878e519cb91afba5ea067a65253cda747436236cd1637017",
                "sha256:f89b9d0b1e09ca711e8100e78e1883b6fa6eb086f49dc8c8b4d53657188dce6e",
                "sha256:fca906f07f9e3e782204366a34ddd55b405de50fd73c1c7b97e9c542076e2964",
                "sha256:fe9aab0aca202df3170833c390496ca1f91ff7899076a4f7e9edf2cb04cc4d0c",
                "sha256:ff91db785adc05f4f4ad6e9aa57333cb30346d2177c6470f3dbc8860121140bc"
            ],
            "index": "pypi",
            "version": "==2.7.5"
        },
        "psutil": {
            "hashes": [
                "sha256:104a5cc0e31baa2bcf67900be36acde157756b9c44017b86b2c049f11957887d",
                "sha256:3c6f686f4225553615612f6d9bc21f1c0e305f75d7d8454f9b46e901778e7217",
                "sha256:4aef137f3345082a3d3232187aeb4ac4ef959ba3d7c10c33dd73763fbc063da4",
                "sha256:5410638e4df39c54d957fc51ce03048acd8e6d60abc0f5107af51e5fb566eb3c",
                "sha256:5b9b8cb93f507e8dbaf22af6a2fd0ccbe8244bf30b1baad6b3954e935157ae3f",
                "sha256:7a7dd9997128a0d928ed4fb2c2d57e5102bb6089027939f3b722f3a210f9a8da",
                "sha256:89518112647f1276b03ca97b65cc7f64ca587b1eb0278383017c2a0dcc26cbe4",
                "sha256:8c5f7c5a052d1d567db4ddd231a9d27a74e8e4a9c3f44b1032762bd7b9fdcd42",
                "sha256:ab8ed1a1d77c95453db1ae00a3f9c50227ebd955437bcf2a574ba8adbf6a74d5",
                "sha256:acf2aef9391710afded549ff602b5887d7a2349831ae4c26be7c807c0a39fac4",
                "sha256:b258c0c1c9d145a1d5ceffab1134441c4c5113b2417fafff7315a917a026c3c9",
                "sha256:be8929ce4313f9f8146caad4272f6abb8bf99fc6cf59344a3167ecd74f4f203f",
                "sha256:c607bb3b57dc779d55e1554846352b4e358c10fff3abf3514a7a6601beebdb30",
                "sha256:ea8518d152174e1249c4f2a1c89e3e6065941df2fa13a1ab45327716a23c2b48"
            ],
            "index": "pypi",
            "version": "==5.9.5"
        }
    },
    "develop": {}
}
