{
    "_meta": {
        "hash": {
            "sha256": "97f28660a004ae8962ab3e8e1a161c793c16efde80cf0e530f7ae9bdfd92a26c"
        },
        "pipfile-spec": 6,
        "requires": {
            "python_version": "3.10"
        },
        "sources": [
            {
                "name": "pypi",
                "url": "https://pypi.org/simple",
                "verify_ssl": true
            }
        ]
    },
    "default": {
        "bitarray": {
            "hashes": [
                "sha256:02a871ee6f460d03febdd1577ddab66c7f297a43eff3293ee4cb34f6eb5cacb6",
                "sha256:07ac65cae21d79a4642a85109e40da48903c58fd14b7e42f31c48c37b7b8a37a",
                "sha256:08abec79d033ee10d6f4cb2fa9aec952d18eb06ce034b9cdf0cd8e6f2d023254",
                "sha256:0efcd03263f70f76298e56b6c5ed454ba89c01777ac25a790725bc063c6170b9",
                "sha256:0f8e85acce0c3434776fc82819dfd09d9003595456f838d50b1009d6ac0be031",
                "sha256:1211d16de1814f910fc7f2de74930ea22b4feb9b699eed5ceaef8ed14736fe50",
                "sha256:13734e42f83a7ef75c876458619e11863f1d60644c83ff9a5ce21abf2935f331",
                "sha256:17c13936465e4dd2f4b58ce93f4d1fc92a684f1870830581bf950991e1e56eaa",
                "sha256:17d2df5517ab961b6ce679c050884141439695a931539597fea76933891f04a0",
                "sha256:17df9b29105beec4dc4a489041783ddfe9de2628706bd4255863acfe3a78e648",
                "sha256:1802d92ba8b97a758f61f6aef8324c7705fe35a4b32ce9ed1569a8ddb43f0e33",
                "sha256:190d7e018565f0745c76ced5060c2a0a218efb5b3e5df71f8a0da5661decaaf7",
                "sha256:1b8f439bf3939133ca2a12bfdc6fc2408b50099fd8fec88e5829f1eb9d49d636",
                "sha256:1bc7466820fae5376e2c0c9592e67ffd2a5fb1ab261942357ba23b5252b5eae5",
                "sha256:1e90774f5453c610a0b62f6d235120c459c1dc0f2c7e8b4871a14f2dcf4d74cc",
                "sha256:1eeeb25912fc4832546d328032e345d281720c2c73effd2234feb24045cfb10e",
                "sha256:216c113c68523b0d3a0f98c5d12236a1998b5c3bf79bfa17324368bf9d20cd26",
                "sha256:249e5d52785de2615264e579e25d85038e4bea9797e24e47b577e614c1187a2d",
                "sha256:24f7804bd40deba52fb14c5c1510273e6e4a084ef7c9896a30bd9ee5353dbc40",
                "sha256:26e4f99f5bdb20c9275dcb5bde44aaae74c52224f328bf1f691be43d6eaccc2b",
                "sha256:2ad866b82dd457239e2d0de864a09cc6efd4ccd2e0706314368835773e2b6018",
                "sha256:2b3527f41bbfd4b8b64b9d7541cd9f8234b0d5a477e59b8c7f666f6f9635ea09",
                "sha256:2c2bbb73b8dbc52dd26ae40ae83f2e863fc48db6c37ea7fbfd5a750ec62c0a30",
                "sha256:2cdcd0b5f6952ed7187f46a7f0ea72436ddbd7111af2263adcbfe2850d0c26e7",
                "sha256:2d6a93eb2af22deba0e6f7353a68457fa04f933d59c6a0ca420759c0527850cd",
                "sha256:30a9347acb24a0ee50cc932c52f58337d5b9503bb5b78f435cf3a47cd7031d86",
                "sha256:31b2855bd566c965ec00ca5629a2637786e0605005826be0f6f192f3756f2aa2",
                "sha256:31be9ffbb6dd777233331b2fc08d30957cb01f86e2ee11aa5d7652158fa3b795",
                "sha256:31c118dcaaad605c3d8ef953c79554f4822e454e85649dd9fe82e3fcd5017eef",
                "sha256:37429158856fe0548786910ebc16e56606a60f01946f746cb7a6a78acf787711",
                "sha256:3807f9323c308bc3f9b58cbe5d04dc28f34ac32d852999334da96b42f64b5356",
                "sha256:3e9065cbc14ac490e4b1b5520ef33d61e9bdb41d066c7f18b20429c3025ea07e",
                "sha256:3ffcde9d694bfb34f82e6739b33fd267bad25e6b4042b43bfffbe3ba31184318",
                "sha256:4d054a65a9b3848744e49f195ef7399841c545c05ad11854982e271331a4577c",
                "sha256:4d77b8ed242fa4b70a609e0bf81dd1f2db161ff4a082f7dfe233b491fe4c0c39",
                "sha256:523de6f222c310a865f4070f79b2ad0e0b35b9f26b34ee9f93a3dc8ad293dbfb",
                "sha256:557cc0858e5171b542ed48bbb58ae83bc65da82fb3fd88dafd21e33ba1b685d3",
                "sha256:56e4f09d684337e33f6ad24bf4cda984de07b969865bfe2a8fd556ee1e1581cc",
                "sha256:5ac235eb59737bffce44d605a2c1af47e56e28a98bc7c9c763587e8bd8c5ebe0",
                "sha256:5b803225158bbe17384e0a9f15cffecb5ae019b4d225a21887670ef20acfa4c8",
                "sha256:5df77a37750fff8a107fba2e7adb887d171ae923306fa9a6c6c6c1a22c73da7f",
                "sha256:5ebb24415e5838a729484ae698e1a17e27b826d2691d5cc6d4dc44a90f6a89e6",
                "sha256:5ecdb1f22f9aae4405393cf845b1a43bbf786536fa673aae92745508ca8c84ef",
                "sha256:5f36666371fcf8c1adaa0184b5762a7ce8310fdd33f5c39bf085c6dfe5fb0699",
                "sha256:60acdb34def45f72f50a2277763b2a979e4c42dcb4c183a3a9a75bfe195e0b65",
                "sha256:66ebfee12371d9cf7f59eb8964fcb1e711f075df6a2e29880c9aa8b55fa5bce4",
                "sha256:6897bfadf3077685c73cd6ca60ebeaaa40b3bbe060f38f0a6c577bebe37935f4",
                "sha256:689859e796d39d0151d1d7a0f50b8119547cbd76d815884e8d8ff5e7e3ce8244",
                "sha256:6ad4c0e7e20c7384a111ce1883b91e203fc7950a6d4bb3ccdad23422b359ab4a",
                "sha256:6f21b59a436ec2f8226c397292e24f9dfb9c3eba904038f50778f2365e68fdea",
                "sha256:72f638b6e56480c588580d10e3185dc9770d66a2bee49735ae6ac4277eb701da",
                "sha256:732642e9284a7dbaca00d8a4837f997462fc01e8207f2be598e179c3b51e20e2",
                "sha256:790aa2272aa6a2b792404a9f672dd136801a3a3860f74298c2542f63a206ed49",
                "sha256:79da57026eb2c6b266c55d578b607f71d2eb9c5ae1bb3b32232d7dae059d63ed",
                "sha256:7a8d697e201a2f9b16d292d7fa066b9bbc0123abd9058885e408db984a1b4776",
                "sha256:7cc2fd90298cb5e4c5882a8d8f4b39db23280a94387ba10ca266c311135ca57a",
                "sha256:7e40be8a46062ff89c07fe00a0ea7e06a069805cf1f9cb57196a89f52fdcaf80",
                "sha256:82816e361303817ac79d6870d51a3c7f1f343e816a0b1d885b713389d9bba425",
                "sha256:87fd489d5b82679528fe096084c4e6976199874edc3c126bb41cd668987bd784",
                "sha256:88bfe996b1adb811690333523e2500d700f6d3dfb282b0b77194e8ff1d168873",
                "sha256:8a13774c45e9f59941b374a0e489f6660fcb4d027005748036a829cfab097c14",
                "sha256:900cc391b38bf098f30ae5847c2df30f413b9311f27f13ced1818cbc28da928c",
                "sha256:90a246583ff481c869227058988f5d2cfe5dd5a6cf76596b6e8de88cc10d440a",
                "sha256:913e767a3d9a50d2213f5e22db4e87b8a29acc38be5001d29b6be42b1361b812",
                "sha256:915abc5db73dd2e15182bc2b281e0aa565124068a6f36f8237d3479804478ea8",
                "sha256:94333a9f419ddf2f92ddbdb34a10a4b2c13e346f077511a35de87a0acea4289f",
                "sha256:9439459b58ff0cd29883445662c5d80cee109c4ce5984001798bb74a31b1ac9e",
                "sha256:952170c03bc415719156594aed10c7b20ce7d4389551f6bc89969e23486d245c",
                "sha256:95749278b59247a2a5779f1a0fc216f110eea1aa8af330609b8bdb5f8f55b78f",
                "sha256:97496cca479e2b30a5c5354359f1fb85c4a0678b8d651656cc96a6ba3028bc94",
                "sha256:98959be5e864bed9c4fcd90d47d96cf5250d86a2a22b39ec41514c54c80f29bd",
                "sha256:98afc87b14868bb51f478f01c4d1578a190efb60c1b44dd7fc6dea7a61764889",
                "sha256:98e1abda299b516573aa916e4c58bb870dd55f17dd544041d9290cb1c005be30",
                "sha256:9e1da9ebd148389bce250403c02ef1f1495984612db534072b0aa101fd051a0b",
                "sha256:a56e6e68d0a508b0a2bd81840e31c41f4858585cd72f192264c4f0f8f48fd0c1",
                "sha256:aafd10decf8940e8f2d21e25b32b21ae9fd1aa58f168ea97f0f82adb0f6aa33a",
                "sha256:ab8fc4de49c75ef358fa9a30a367a163f62b92048a3da084500b88283aba47a6",
                "sha256:ae83573d9f30f085755c7ba519f0498ecb773a0f2a7e428ed2a33324975e1cec",
                "sha256:b4451de47a3b2b378f03bc12d4cf49e64895dc263befee2af38420a91e38d4f9",
                "sha256:b798d37fcd8e78e381660a65c434c3f60713c6f076fcecfd22544ec46d7416e6",
                "sha256:bbb093c86e2c747ba3e81b01924353d982d4f6b62cce76a5eb1eb157cdf499e9",
                "sha256:bcc8bd9fe25b48cff1702a6ef700f7a7726c8084be8edcae67a1df0d23caa822",
                "sha256:bff837274244e1dcf57e43820ccd8f95736ab30e7f5f0c79e81f655717060d37",
                "sha256:c237144123f1eb563c305d70634a97729716bfcd841f1519c33396e62d8ea3bd",
                "sha256:c6a13db2090c16a8753a6b6fb0e5ac0c7ece1930d4fa85c20e885aec550bceb3",
                "sha256:c9778c56a4f9cda3c61941ea95db279b52c38e9b9ad174d52fd7174f9ec44c46",
                "sha256:ca4dc98b56461d3656f3219cfcc4a6845479ab7e6cdc134c7fa2615336c55f76",
                "sha256:cff6588ec89b276bab617b15778b20aeb5124df1e04b1c0b5364e9cb8dce6a7f",
                "sha256:d15685830b607088f040ec512d045ab762678d33e813e882a260ae3ee3d381db",
                "sha256:da810a6704723bbaae3d9d5a0c552c52e15f2b97aff599c5243464e04a9bc5ac",
                "sha256:db83ad25c3ea908f1c983b4b28ab5b9408a18962fa21724a5d1d65887842462d",
                "sha256:e095f92ba7c6424fc4918f28ddc998e1628bbf83bd5b0405c08c5591f74560a3",
                "sha256:e1ec302eda30e87793bd31c16c18a92118a1072831200247d0a8430e095e9563",
                "sha256:e373bd92a6caf9bb6bb2918e3f6e64ba10045d62c2e376d80d0ec062dcdb19ef",
                "sha256:e38fe19d4f6ddc669f8a13fa21b482ec72bc32d2def6b97018dba4db53823848",
                "sha256:e6f228712a5696f3e13048894fc1f6d70d32421e154476b74595b0309a9d9dcf",
                "sha256:efe64997aeabedbaf24543020cc5c672d00cb373e126c12fe7e21e128f548001",
                "sha256:f16a5e4fd0614d43c1bd5bd0887deca1fcf292253662bce040c169492005fd8a",
                "sha256:f57e3e6362d2ca7ab797e423a2d5ed1934b8599d197097458c714cf107f4dc4a",
                "sha256:f5b133a161bb4426e0bdd0e53be979dfdc5f63f14043b8e194d1fba6391e1672",
                "sha256:ffd1d8edb67b8ca264e033a349b611426b5b84c3eec410aeb6df67b784450131",
                "sha256:ffdb9106fd0d36b0a87db9903e3078877a9cdde98e064b76f24f6d8eb46067e6"
            ],
            "index": "pypi",
            "version": "==2.7.6"
        },
        "evdev": {
            "hashes": [
                "sha256:299db8628cc73b237fc1cc57d3c2948faa0756e2a58b6194b5bf81dc2081f1e3"
            ],
            "markers": "'linux' in sys_platform",
            "version": "==1.6.1"
        },
        "psutil": {
            "hashes": [
                "sha256:104a5cc0e31baa2bcf67900be36acde157756b9c44017b86b2c049f11957887d",
                "sha256:3c6f686f4225553615612f6d9bc21f1c0e305f75d7d8454f9b46e901778e7217",
                "sha256:4aef137f3345082a3d3232187aeb4ac4ef959ba3d7c10c33dd73763fbc063da4",
                "sha256:5410638e4df39c54d957fc51ce03048acd8e6d60abc0f5107af51e5fb566eb3c",
                "sha256:5b9b8cb93f507e8dbaf22af6a2fd0ccbe8244bf30b1baad6b3954e935157ae3f",
                "sha256:7a7dd9997128a0d928ed4fb2c2d57e5102bb6089027939f3b722f3a210f9a8da",
                "sha256:89518112647f1276b03ca97b65cc7f64ca587b1eb0278383017c2a0dcc26cbe4",
                "sha256:8c5f7c5a052d1d567db4ddd231a9d27a74e8e4a9c3f44b1032762bd7b9fdcd42",
                "sha256:ab8ed1a1d77c95453db1ae00a3f9c50227ebd955437bcf2a574ba8adbf6a74d5",
                "sha256:acf2aef9391710afded549ff602b5887d7a2349831ae4c26be7c807c0a39fac4",
                "sha256:b258c0c1c9d145a1d5ceffab1134441c4c5113b2417fafff7315a917a026c3c9",
                "sha256:be8929ce4313f9f8146caad4272f6abb8bf99fc6cf59344a3167ecd74f4f203f",
                "sha256:c607bb3b57dc779d55e1554846352b4e358c10fff3abf3514a7a6601beebdb30",
                "sha256:ea8518d152174e1249c4f2a1c89e3e6065941df2fa13a1ab45327716a23c2b48"
            ],
            "index": "pypi",
            "version": "==5.9.5"
        },
        "pynput": {
            "hashes": [
                "sha256:19861b2a0c430d646489852f89500e0c9332e295f2c020e7c2775e7046aa2e2f",
                "sha256:264429fbe676e98e9050ad26a7017453bdd08768adb25cafb918347cf9f1eb4a",
                "sha256:3a5726546da54116b687785d38b1db56997ce1d28e53e8d22fc656d8b92e533c"
            ],
            "index": "pypi",
            "version": "==1.7.6"
        },
        "python-xlib": {
            "hashes": [
                "sha256:55af7906a2c75ce6cb280a584776080602444f75815a7aff4d287bb2d7018b32",
                "sha256:c3534038d42e0df2f1392a1b30a15a4ff5fdc2b86cfa94f072bf11b10a164398"
            ],
            "markers": "'linux' in sys_platform",
            "version": "==0.33"
        },
        "six": {
            "hashes": [
                "sha256:1e61c37477a1626458e36f7b1d82aa5c9b094fa4802892072e49de9c60c4c926",
                "sha256:8abb2f1d86890a2dfb989f9a77cfcfd3e47c2a354b01111771326f8aa26e0254"
            ],
            "markers": "python_version >= '2.7' and python_version not in '3.0, 3.1, 3.2, 3.3'",
            "version": "==1.16.0"
        }
    },
    "develop": {}
}
